symfony 07d108af5ec88b20efd1faf8931e15ec5b89df15
twig 2afc513620e7f8dadda92a0f4ed04cb157e048df
monolog b704c49a3051536f67f2d39f13568f74615b9922
doctrine-common b886898821288d305862ee9c567cc5b5cbb4c0dc
doctrine-dbal 64650385987dee6be046b8fa2485ff4d7663f814
doctrine 03d2b0f30c35d313339478d24337dd1a28a2f2f2
swiftmailer 7ce4188c9ba823707d5a1e8798eba1c2cce01567
assetic 4aeef88b7908510d0bcbbde357f0adf470534ed8
twig-extensions feb6d3f10c411e2631997c0a905aa581c80305c1
metadata 30c622cad82e39a6856b981a9bfb9df06b3cc067
SensioFrameworkExtraBundle 85911039aca2ef39805640d9238c7157d8c30d2e
JMSSecurityExtraBundle e752f888c51425f71382c056961f10f2be642102
SensioDistributionBundle 41a6c5caed65f02bb09c95a90579f047616471fd
SensioGeneratorBundle c0118ce370f8da20e43051f2dd1ae331a202ab9c
AsseticBundle 6f15728c1aefa5246caa83730e3dbf70b0d46052
doctrine-fixtures 779c3dfe446b6da893be87b908d6be28345d1e01
JMSSerializerBundle 1f308a587742246e87e580290f3bae23073d1d70
FOSRest 5ea703f5a3f5c7110cadeccb91b212c0eb7ea2d0
FOSRestBundle d3f15d6c913d25fe5b29185e6e6be510afd09c73